// !$*UTF8*$!
{
	archiveVersion = 1;
	classes = {
	};
	objectVersion = 56;
	objects = {

/* Begin PBXBuildFile section */
		8BEA97282C8F593A00B413D8 /* AppDelegate.swift in Sources */ = {isa = PBXBuildFile; fileRef = 8BEA97272C8F593A00B413D8 /* AppDelegate.swift */; };
		8BEA972A2C8F593A00B413D8 /* SceneDelegate.swift in Sources */ = {isa = PBXBuildFile; fileRef = 8BEA97292C8F593A00B413D8 /* SceneDelegate.swift */; };
		8BEA972F2C8F593A00B413D8 /* Base in Resources */ = {isa = PBXBuildFile; fileRef = 8BEA972E2C8F593A00B413D8 /* Base */; };
		8BEA97312C8F593B00B413D8 /* Assets.xcassets in Resources */ = {isa = PBXBuildFile; fileRef = 8BEA97302C8F593B00B413D8 /* Assets.xcassets */; };
		8BEA97342C8F593B00B413D8 /* Base in Resources */ = {isa = PBXBuildFile; fileRef = 8BEA97332C8F593B00B413D8 /* Base */; };
		8BEA973F2C8F593B00B413D8 /* InstaSearchTests.swift in Sources */ = {isa = PBXBuildFile; fileRef = 8BEA973E2C8F593B00B413D8 /* InstaSearchTests.swift */; };
		8BEA97492C8F593B00B413D8 /* InstaSearchUITests.swift in Sources */ = {isa = PBXBuildFile; fileRef = 8BEA97482C8F593B00B413D8 /* InstaSearchUITests.swift */; };
		8BEA974B2C8F593B00B413D8 /* InstaSearchUITestsLaunchTests.swift in Sources */ = {isa = PBXBuildFile; fileRef = 8BEA974A2C8F593B00B413D8 /* InstaSearchUITestsLaunchTests.swift */; };
		8BEA97582C8F59A800B413D8 /* SearchViewController.swift in Sources */ = {isa = PBXBuildFile; fileRef = 8BEA97572C8F59A800B413D8 /* SearchViewController.swift */; };
		8BEA975C2C8F5B7200B413D8 /* ResultCell.swift in Sources */ = {isa = PBXBuildFile; fileRef = 8BEA975B2C8F5B7200B413D8 /* ResultCell.swift */; };
		8BEA975E2C8F6E5000B413D8 /* NewsFeedViewController.swift in Sources */ = {isa = PBXBuildFile; fileRef = 8BEA975D2C8F6E5000B413D8 /* NewsFeedViewController.swift */; };
		8BEA97602C8F6F0600B413D8 /* FeedCell.swift in Sources */ = {isa = PBXBuildFile; fileRef = 8BEA975F2C8F6F0600B413D8 /* FeedCell.swift */; };
/* End PBXBuildFile section */

/* Begin PBXContainerItemProxy section */
		8BEA973B2C8F593B00B413D8 /* PBXContainerItemProxy */ = {
			isa = PBXContainerItemProxy;
			containerPortal = 8BEA971C2C8F593A00B413D8 /* Project object */;
			proxyType = 1;
			remoteGlobalIDString = 8BEA97232C8F593A00B413D8;
			remoteInfo = InstaSearch;
		};
		8BEA97452C8F593B00B413D8 /* PBXContainerItemProxy */ = {
			isa = PBXContainerItemProxy;
			containerPortal = 8BEA971C2C8F593A00B413D8 /* Project object */;
			proxyType = 1;
			remoteGlobalIDString = 8BEA97232C8F593A00B413D8;
			remoteInfo = InstaSearch;
		};
/* End PBXContainerItemProxy section */

/* Begin PBXFileReference section */
		8BEA97242C8F593A00B413D8 /* InstaSearch.app */ = {isa = PBXFileReference; explicitFileType = wrapper.application; includeInIndex = 0; path = InstaSearch.app; sourceTree = BUILT_PRODUCTS_DIR; };
		8BEA97272C8F593A00B413D8 /* AppDelegate.swift */ = {isa = PBXFileReference; lastKnownFileType = sourcecode.swift; path = AppDelegate.swift; sourceTree = "<group>"; };
		8BEA97292C8F593A00B413D8 /* SceneDelegate.swift */ = {isa = PBXFileReference; lastKnownFileType = sourcecode.swift; path = SceneDelegate.swift; sourceTree = "<group>"; };
		8BEA972E2C8F593A00B413D8 /* Base */ = {isa = PBXFileReference; lastKnownFileType = file.storyboard; name = Base; path = Base.lproj/Main.storyboard; sourceTree = "<group>"; };
		8BEA97302C8F593B00B413D8 /* Assets.xcassets */ = {isa = PBXFileReference; lastKnownFileType = folder.assetcatalog; path = Assets.xcassets; sourceTree = "<group>"; };
		8BEA97332C8F593B00B413D8 /* Base */ = {isa = PBXFileReference; lastKnownFileType = file.storyboard; name = Base; path = Base.lproj/LaunchScreen.storyboard; sourceTree = "<group>"; };
		8BEA97352C8F593B00B413D8 /* Info.plist */ = {isa = PBXFileReference; lastKnownFileType = text.plist.xml; path = Info.plist; sourceTree = "<group>"; };
		8BEA973A2C8F593B00B413D8 /* InstaSearchTests.xctest */ = {isa = PBXFileReference; explicitFileType = wrapper.cfbundle; includeInIndex = 0; path = InstaSearchTests.xctest; sourceTree = BUILT_PRODUCTS_DIR; };
		8BEA973E2C8F593B00B413D8 /* InstaSearchTests.swift */ = {isa = PBXFileReference; lastKnownFileType = sourcecode.swift; path = InstaSearchTests.swift; sourceTree = "<group>"; };
		8BEA97442C8F593B00B413D8 /* InstaSearchUITests.xctest */ = {isa = PBXFileReference; explicitFileType = wrapper.cfbundle; includeInIndex = 0; path = InstaSearchUITests.xctest; sourceTree = BUILT_PRODUCTS_DIR; };
		8BEA97482C8F593B00B413D8 /* InstaSearchUITests.swift */ = {isa = PBXFileReference; lastKnownFileType = sourcecode.swift; path = InstaSearchUITests.swift; sourceTree = "<group>"; };
		8BEA974A2C8F593B00B413D8 /* InstaSearchUITestsLaunchTests.swift */ = {isa = PBXFileReference; lastKnownFileType = sourcecode.swift; path = InstaSearchUITestsLaunchTests.swift; sourceTree = "<group>"; };
		8BEA97572C8F59A800B413D8 /* SearchViewController.swift */ = {isa = PBXFileReference; lastKnownFileType = sourcecode.swift; path = SearchViewController.swift; sourceTree = "<group>"; };
		8BEA975B2C8F5B7200B413D8 /* ResultCell.swift */ = {isa = PBXFileReference; lastKnownFileType = sourcecode.swift; path = ResultCell.swift; sourceTree = "<group>"; };
		8BEA975D2C8F6E5000B413D8 /* NewsFeedViewController.swift */ = {isa = PBXFileReference; lastKnownFileType = sourcecode.swift; path = NewsFeedViewController.swift; sourceTree = "<group>"; };
		8BEA975F2C8F6F0600B413D8 /* FeedCell.swift */ = {isa = PBXFileReference; lastKnownFileType = sourcecode.swift; path = FeedCell.swift; sourceTree = "<group>"; };
/* End PBXFileReference section */

/* Begin PBXFrameworksBuildPhase section */
		8BEA97212C8F593A00B413D8 /* Frameworks */ = {
			isa = PBXFrameworksBuildPhase;
			buildActionMask = 2147483647;
			files = (
			);
			runOnlyForDeploymentPostprocessing = 0;
		};
		8BEA97372C8F593B00B413D8 /* Frameworks */ = {
			isa = PBXFrameworksBuildPhase;
			buildActionMask = 2147483647;
			files = (
			);
			runOnlyForDeploymentPostprocessing = 0;
		};
		8BEA97412C8F593B00B413D8 /* Frameworks */ = {
			isa = PBXFrameworksBuildPhase;
			buildActionMask = 2147483647;
			files = (
			);
			runOnlyForDeploymentPostprocessing = 0;
		};
/* End PBXFrameworksBuildPhase section */

/* Begin PBXGroup section */
		8BEA971B2C8F593A00B413D8 = {
			isa = PBXGroup;
			children = (
				8BEA97262C8F593A00B413D8 /* InstaSearch */,
				8BEA973D2C8F593B00B413D8 /* InstaSearchTests */,
				8BEA97472C8F593B00B413D8 /* InstaSearchUITests */,
				8BEA97252C8F593A00B413D8 /* Products */,
			);
			sourceTree = "<group>";
		};
		8BEA97252C8F593A00B413D8 /* Products */ = {
			isa = PBXGroup;
			children = (
				8BEA97242C8F593A00B413D8 /* InstaSearch.app */,
				8BEA973A2C8F593B00B413D8 /* InstaSearchTests.xctest */,
				8BEA97442C8F593B00B413D8 /* InstaSearchUITests.xctest */,
			);
			name = Products;
			sourceTree = "<group>";
		};
		8BEA97262C8F593A00B413D8 /* InstaSearch */ = {
			isa = PBXGroup;
			children = (
				8BEA97272C8F593A00B413D8 /* AppDelegate.swift */,
				8BEA97292C8F593A00B413D8 /* SceneDelegate.swift */,
				8BEA97572C8F59A800B413D8 /* SearchViewController.swift */,
				8BEA975D2C8F6E5000B413D8 /* NewsFeedViewController.swift */,
				8BEA975B2C8F5B7200B413D8 /* ResultCell.swift */,
				8BEA975F2C8F6F0600B413D8 /* FeedCell.swift */,
				8BEA972D2C8F593A00B413D8 /* Main.storyboard */,
				8BEA97302C8F593B00B413D8 /* Assets.xcassets */,
				8BEA97322C8F593B00B413D8 /* LaunchScreen.storyboard */,
				8BEA97352C8F593B00B413D8 /* Info.plist */,
			);
			path = InstaSearch;
			sourceTree = "<group>";
		};
		8BEA973D2C8F593B00B413D8 /* InstaSearchTests */ = {
			isa = PBXGroup;
			children = (
				8BEA973E2C8F593B00B413D8 /* InstaSearchTests.swift */,
			);
			path = InstaSearchTests;
			sourceTree = "<group>";
		};
		8BEA97472C8F593B00B413D8 /* InstaSearchUITests */ = {
			isa = PBXGroup;
			children = (
				8BEA97482C8F593B00B413D8 /* InstaSearchUITests.swift */,
				8BEA974A2C8F593B00B413D8 /* InstaSearchUITestsLaunchTests.swift */,
			);
			path = InstaSearchUITests;
			sourceTree = "<group>";
		};
/* End PBXGroup section */

/* Begin PBXNativeTarget section */
		8BEA97232C8F593A00B413D8 /* InstaSearch */ = {
			isa = PBXNativeTarget;
			buildConfigurationList = 8BEA974E2C8F593B00B413D8 /* Build configuration list for PBXNativeTarget "InstaSearch" */;
			buildPhases = (
				8BEA97202C8F593A00B413D8 /* Sources */,
				8BEA97212C8F593A00B413D8 /* Frameworks */,
				8BEA97222C8F593A00B413D8 /* Resources */,
			);
			buildRules = (
			);
			dependencies = (
			);
			name = InstaSearch;
			productName = InstaSearch;
			productReference = 8BEA97242C8F593A00B413D8 /* InstaSearch.app */;
			productType = "com.apple.product-type.application";
		};
		8BEA97392C8F593B00B413D8 /* InstaSearchTests */ = {
			isa = PBXNativeTarget;
			buildConfigurationList = 8BEA97512C8F593B00B413D8 /* Build configuration list for PBXNativeTarget "InstaSearchTests" */;
			buildPhases = (
				8BEA97362C8F593B00B413D8 /* Sources */,
				8BEA97372C8F593B00B413D8 /* Frameworks */,
				8BEA97382C8F593B00B413D8 /* Resources */,
			);
			buildRules = (
			);
			dependencies = (
				8BEA973C2C8F593B00B413D8 /* PBXTargetDependency */,
			);
			name = InstaSearchTests;
			productName = InstaSearchTests;
			productReference = 8BEA973A2C8F593B00B413D8 /* InstaSearchTests.xctest */;
			productType = "com.apple.product-type.bundle.unit-test";
		};
		8BEA97432C8F593B00B413D8 /* InstaSearchUITests */ = {
			isa = PBXNativeTarget;
			buildConfigurationList = 8BEA97542C8F593B00B413D8 /* Build configuration list for PBXNativeTarget "InstaSearchUITests" */;
			buildPhases = (
				8BEA97402C8F593B00B413D8 /* Sources */,
				8BEA97412C8F593B00B413D8 /* Frameworks */,
				8BEA97422C8F593B00B413D8 /* Resources */,
			);
			buildRules = (
			);
			dependencies = (
				8BEA97462C8F593B00B413D8 /* PBXTargetDependency */,
			);
			name = InstaSearchUITests;
			productName = InstaSearchUITests;
			productReference = 8BEA97442C8F593B00B413D8 /* InstaSearchUITests.xctest */;
			productType = "com.apple.product-type.bundle.ui-testing";
		};
/* End PBXNativeTarget section */

/* Begin PBXProject section */
		8BEA971C2C8F593A00B413D8 /* Project object */ = {
			isa = PBXProject;
			attributes = {
				BuildIndependentTargetsInParallel = 1;
				LastSwiftUpdateCheck = 1540;
				LastUpgradeCheck = 1540;
				TargetAttributes = {
					8BEA97232C8F593A00B413D8 = {
						CreatedOnToolsVersion = 15.4;
					};
					8BEA97392C8F593B00B413D8 = {
						CreatedOnToolsVersion = 15.4;
						TestTargetID = 8BEA97232C8F593A00B413D8;
					};
					8BEA97432C8F593B00B413D8 = {
						CreatedOnToolsVersion = 15.4;
						TestTargetID = 8BEA97232C8F593A00B413D8;
					};
				};
			};
			buildConfigurationList = 8BEA971F2C8F593A00B413D8 /* Build configuration list for PBXProject "InstaSearch" */;
			compatibilityVersion = "Xcode 14.0";
			developmentRegion = en;
			hasScannedForEncodings = 0;
			knownRegions = (
				en,
				Base,
			);
			mainGroup = 8BEA971B2C8F593A00B413D8;
			productRefGroup = 8BEA97252C8F593A00B413D8 /* Products */;
			projectDirPath = "";
			projectRoot = "";
			targets = (
				8BEA97232C8F593A00B413D8 /* InstaSearch */,
				8BEA97392C8F593B00B413D8 /* InstaSearchTests */,
				8BEA97432C8F593B00B413D8 /* InstaSearchUITests */,
			);
		};
/* End PBXProject section */

/* Begin PBXResourcesBuildPhase section */
		8BEA97222C8F593A00B413D8 /* Resources */ = {
			isa = PBXResourcesBuildPhase;
			buildActionMask = 2147483647;
			files = (
				8BEA97312C8F593B00B413D8 /* Assets.xcassets in Resources */,
				8BEA97342C8F593B00B413D8 /* Base in Resources */,
				8BEA972F2C8F593A00B413D8 /* Base in Resources */,
			);
			runOnlyForDeploymentPostprocessing = 0;
		};
		8BEA97382C8F593B00B413D8 /* Resources */ = {
			isa = PBXResourcesBuildPhase;
			buildActionMask = 2147483647;
			files = (
			);
			runOnlyForDeploymentPostprocessing = 0;
		};
		8BEA97422C8F593B00B413D8 /* Resources */ = {
			isa = PBXResourcesBuildPhase;
			buildActionMask = 2147483647;
			files = (
			);
			runOnlyForDeploymentPostprocessing = 0;
		};
/* End PBXResourcesBuildPhase section */

/* Begin PBXSourcesBuildPhase section */
		8BEA97202C8F593A00B413D8 /* Sources */ = {
			isa = PBXSourcesBuildPhase;
			buildActionMask = 2147483647;
			files = (
				8BEA97582C8F59A800B413D8 /* SearchViewController.swift in Sources */,
				8BEA97282C8F593A00B413D8 /* AppDelegate.swift in Sources */,
				8BEA975C2C8F5B7200B413D8 /* ResultCell.swift in Sources */,
				8BEA972A2C8F593A00B413D8 /* SceneDelegate.swift in Sources */,
				8BEA975E2C8F6E5000B413D8 /* NewsFeedViewController.swift in Sources */,
				8BEA97602C8F6F0600B413D8 /* FeedCell.swift in Sources */,
			);
			runOnlyForDeploymentPostprocessing = 0;
		};
		8BEA97362C8F593B00B413D8 /* Sources */ = {
			isa = PBXSourcesBuildPhase;
			buildActionMask = 2147483647;
			files = (
				8BEA973F2C8F593B00B413D8 /* InstaSearchTests.swift in Sources */,
			);
			runOnlyForDeploymentPostprocessing = 0;
		};
		8BEA97402C8F593B00B413D8 /* Sources */ = {
			isa = PBXSourcesBuildPhase;
			buildActionMask = 2147483647;
			files = (
				8BEA974B2C8F593B00B413D8 /* InstaSearchUITestsLaunchTests.swift in Sources */,
				8BEA97492C8F593B00B413D8 /* InstaSearchUITests.swift in Sources */,
			);
			runOnlyForDeploymentPostprocessing = 0;
		};
/* End PBXSourcesBuildPhase section */

/* Begin PBXTargetDependency section */
		8BEA973C2C8F593B00B413D8 /* PBXTargetDependency */ = {
			isa = PBXTargetDependency;
			target = 8BEA97232C8F593A00B413D8 /* InstaSearch */;
			targetProxy = 8BEA973B2C8F593B00B413D8 /* PBXContainerItemProxy */;
		};
		8BEA97462C8F593B00B413D8 /* PBXTargetDependency */ = {
			isa = PBXTargetDependency;
			target = 8BEA97232C8F593A00B413D8 /* InstaSearch */;
			targetProxy = 8BEA97452C8F593B00B413D8 /* PBXContainerItemProxy */;
		};
/* End PBXTargetDependency section */

/* Begin PBXVariantGroup section */
		8BEA972D2C8F593A00B413D8 /* Main.storyboard */ = {
			isa = PBXVariantGroup;
			children = (
				8BEA972E2C8F593A00B413D8 /* Base */,
			);
			name = Main.storyboard;
			sourceTree = "<group>";
		};
		8BEA97322C8F593B00B413D8 /* LaunchScreen.storyboard */ = {
			isa = PBXVariantGroup;
			children = (
				8BEA97332C8F593B00B413D8 /* Base */,
			);
			name = LaunchScreen.storyboard;
			sourceTree = "<group>";
		};
/* End PBXVariantGroup section */

/* Begin XCBuildConfiguration section */
		8BEA974C2C8F593B00B413D8 /* Debug */ = {
			isa = XCBuildConfiguration;
			buildSettings = {
				ALWAYS_SEARCH_USER_PATHS = NO;
				ASSETCATALOG_COMPILER_GENERATE_SWIFT_ASSET_SYMBOL_EXTENSIONS = YES;
				CLANG_ANALYZER_NONNULL = YES;
				CLANG_ANALYZER_NUMBER_OBJECT_CONVERSION = YES_AGGRESSIVE;
				CLANG_CXX_LANGUAGE_STANDARD = "gnu++20";
				CLANG_ENABLE_MODULES = YES;
				CLANG_ENABLE_OBJC_ARC = YES;
				CLANG_ENABLE_OBJC_WEAK = YES;
				CLANG_WARN_BLOCK_CAPTURE_AUTORELEASING = YES;
				CLANG_WARN_BOOL_CONVERSION = YES;
				CLANG_WARN_COMMA = YES;
				CLANG_WARN_CONSTANT_CONVERSION = YES;
				CLANG_WARN_DEPRECATED_OBJC_IMPLEMENTATIONS = YES;
				CLANG_WARN_DIRECT_OBJC_ISA_USAGE = YES_ERROR;
				CLANG_WARN_DOCUMENTATION_COMMENTS = YES;
				CLANG_WARN_EMPTY_BODY = YES;
				CLANG_WARN_ENUM_CONVERSION = YES;
				CLANG_WARN_INFINITE_RECURSION = YES;
				CLANG_WARN_INT_CONVERSION = YES;
				CLANG_WARN_NON_LITERAL_NULL_CONVERSION = YES;
				CLANG_WARN_OBJC_IMPLICIT_RETAIN_SELF = YES;
				CLANG_WARN_OBJC_LITERAL_CONVERSION = YES;
				CLANG_WARN_OBJC_ROOT_CLASS = YES_ERROR;
				CLANG_WARN_QUOTED_INCLUDE_IN_FRAMEWORK_HEADER = YES;
				CLANG_WARN_RANGE_LOOP_ANALYSIS = YES;
				CLANG_WARN_STRICT_PROTOTYPES = YES;
				CLANG_WARN_SUSPICIOUS_MOVE = YES;
				CLANG_WARN_UNGUARDED_AVAILABILITY = YES_AGGRESSIVE;
				CLANG_WARN_UNREACHABLE_CODE = YES;
				CLANG_WARN__DUPLICATE_METHOD_MATCH = YES;
				COPY_PHASE_STRIP = NO;
				DEBUG_INFORMATION_FORMAT = dwarf;
				ENABLE_STRICT_OBJC_MSGSEND = YES;
				ENABLE_TESTABILITY = YES;
				ENABLE_USER_SCRIPT_SANDBOXING = YES;
				GCC_C_LANGUAGE_STANDARD = gnu17;
				GCC_DYNAMIC_NO_PIC = NO;
				GCC_NO_COMMON_BLOCKS = YES;
				GCC_OPTIMIZATION_LEVEL = 0;
				GCC_PREPROCESSOR_DEFINITIONS = (
					"DEBUG=1",
					"$(inherited)",
				);
				GCC_WARN_64_TO_32_BIT_CONVERSION = YES;
				GCC_WARN_ABOUT_RETURN_TYPE = YES_ERROR;
				GCC_WARN_UNDECLARED_SELECTOR = YES;
				GCC_WARN_UNINITIALIZED_AUTOS = YES_AGGRESSIVE;
				GCC_WARN_UNUSED_FUNCTION = YES;
				GCC_WARN_UNUSED_VARIABLE = YES;
				IPHONEOS_DEPLOYMENT_TARGET = 17.5;
				LOCALIZATION_PREFERS_STRING_CATALOGS = YES;
				MTL_ENABLE_DEBUG_INFO = INCLUDE_SOURCE;
				MTL_FAST_MATH = YES;
				ONLY_ACTIVE_ARCH = YES;
				SDKROOT = iphoneos;
				SWIFT_ACTIVE_COMPILATION_CONDITIONS = "DEBUG $(inherited)";
				SWIFT_OPTIMIZATION_LEVEL = "-Onone";
			};
			name = Debug;
		};
		8BEA974D2C8F593B00B413D8 /* Release */ = {
			isa = XCBuildConfiguration;
			buildSettings = {
				ALWAYS_SEARCH_USER_PATHS = NO;
				ASSETCATALOG_COMPILER_GENERATE_SWIFT_ASSET_SYMBOL_EXTENSIONS = YES;
				CLANG_ANALYZER_NONNULL = YES;
				CLANG_ANALYZER_NUMBER_OBJECT_CONVERSION = YES_AGGRESSIVE;
				CLANG_CXX_LANGUAGE_STANDARD = "gnu++20";
				CLANG_ENABLE_MODULES = YES;
				CLANG_ENABLE_OBJC_ARC = YES;
				CLANG_ENABLE_OBJC_WEAK = YES;
				CLANG_WARN_BLOCK_CAPTURE_AUTORELEASING = YES;
				CLANG_WARN_BOOL_CONVERSION = YES;
				CLANG_WARN_COMMA = YES;
				CLANG_WARN_CONSTANT_CONVERSION = YES;
				CLANG_WARN_DEPRECATED_OBJC_IMPLEMENTATIONS = YES;
				CLANG_WARN_DIRECT_OBJC_ISA_USAGE = YES_ERROR;
				CLANG_WARN_DOCUMENTATION_COMMENTS = YES;
				CLANG_WARN_EMPTY_BODY = YES;
				CLANG_WARN_ENUM_CONVERSION = YES;
				CLANG_WARN_INFINITE_RECURSION = YES;
				CLANG_WARN_INT_CONVERSION = YES;
				CLANG_WARN_NON_LITERAL_NULL_CONVERSION = YES;
				CLANG_WARN_OBJC_IMPLICIT_RETAIN_SELF = YES;
				CLANG_WARN_OBJC_LITERAL_CONVERSION = YES;
				CLANG_WARN_OBJC_ROOT_CLASS = YES_ERROR;
				CLANG_WARN_QUOTED_INCLUDE_IN_FRAMEWORK_HEADER = YES;
				CLANG_WARN_RANGE_LOOP_ANALYSIS = YES;
				CLANG_WARN_STRICT_PROTOTYPES = YES;
				CLANG_WARN_SUSPICIOUS_MOVE = YES;
				CLANG_WARN_UNGUARDED_AVAILABILITY = YES_AGGRESSIVE;
				CLANG_WARN_UNREACHABLE_CODE = YES;
				CLANG_WARN__DUPLICATE_METHOD_MATCH = YES;
				COPY_PHASE_STRIP = NO;
				DEBUG_INFORMATION_FORMAT = "dwarf-with-dsym";
				ENABLE_NS_ASSERTIONS = NO;
				ENABLE_STRICT_OBJC_MSGSEND = YES;
				ENABLE_USER_SCRIPT_SANDBOXING = YES;
				GCC_C_LANGUAGE_STANDARD = gnu17;
				GCC_NO_COMMON_BLOCKS = YES;
				GCC_WARN_64_TO_32_BIT_CONVERSION = YES;
				GCC_WARN_ABOUT_RETURN_TYPE = YES_ERROR;
				GCC_WARN_UNDECLARED_SELECTOR = YES;
				GCC_WARN_UNINITIALIZED_AUTOS = YES_AGGRESSIVE;
				GCC_WARN_UNUSED_FUNCTION = YES;
				GCC_WARN_UNUSED_VARIABLE = YES;
				IPHONEOS_DEPLOYMENT_TARGET = 17.5;
				LOCALIZATION_PREFERS_STRING_CATALOGS = YES;
				MTL_ENABLE_DEBUG_INFO = NO;
				MTL_FAST_MATH = YES;
				SDKROOT = iphoneos;
				SWIFT_COMPILATION_MODE = wholemodule;
				VALIDATE_PRODUCT = YES;
			};
			name = Release;
		};
		8BEA974F2C8F593B00B413D8 /* Debug */ = {
			isa = XCBuildConfiguration;
			buildSettings = {
				ASSETCATALOG_COMPILER_APPICON_NAME = AppIcon;
				ASSETCATALOG_COMPILER_GLOBAL_ACCENT_COLOR_NAME = AccentColor;
				CODE_SIGN_STYLE = Automatic;
				CURRENT_PROJECT_VERSION = 1;
				DEVELOPMENT_TEAM = 469334F7KQ;
				GENERATE_INFOPLIST_FILE = YES;
				INFOPLIST_FILE = InstaSearch/Info.plist;
				INFOPLIST_KEY_UIApplicationSupportsIndirectInputEvents = YES;
				INFOPLIST_KEY_UILaunchStoryboardName = LaunchScreen;
				INFOPLIST_KEY_UIMainStoryboardFile = Main;
				INFOPLIST_KEY_UISupportedInterfaceOrientations_iPad = "UIInterfaceOrientationPortrait UIInterfaceOrientationPortraitUpsideDown UIInterfaceOrientationLandscapeLeft UIInterfaceOrientationLandscapeRight";
				INFOPLIST_KEY_UISupportedInterfaceOrientations_iPhone = "UIInterfaceOrientationPortrait UIInterfaceOrientationLandscapeLeft UIInterfaceOrientationLandscapeRight";
				LD_RUNPATH_SEARCH_PATHS = (
					"$(inherited)",
					"@executable_path/Frameworks",
				);
				MARKETING_VERSION = 1.0;
				PRODUCT_BUNDLE_IDENTIFIER = com.minjoon.InstaSearch;
				PRODUCT_NAME = "$(TARGET_NAME)";
				SWIFT_EMIT_LOC_STRINGS = YES;
				SWIFT_VERSION = 5.0;
				TARGETED_DEVICE_FAMILY = "1,2";
			};
			name = Debug;
		};
		8BEA97502C8F593B00B413D8 /* Release */ = {
			isa = XCBuildConfiguration;
			buildSettings = {
				ASSETCATALOG_COMPILER_APPICON_NAME = AppIcon;
				ASSETCATALOG_COMPILER_GLOBAL_ACCENT_COLOR_NAME = AccentColor;
				CODE_SIGN_STYLE = Automatic;
				CURRENT_PROJECT_VERSION = 1;
				DEVELOPMENT_TEAM = 469334F7KQ;
				GENERATE_INFOPLIST_FILE = YES;
				INFOPLIST_FILE = InstaSearch/Info.plist;
				INFOPLIST_KEY_UIApplicationSupportsIndirectInputEvents = YES;
				INFOPLIST_KEY_UILaunchStoryboardName = LaunchScreen;
				INFOPLIST_KEY_UIMainStoryboardFile = Main;
				INFOPLIST_KEY_UISupportedInterfaceOrientations_iPad = "UIInterfaceOrientationPortrait UIInterfaceOrientationPortraitUpsideDown UIInterfaceOrientationLandscapeLeft UIInterfaceOrientationLandscapeRight";
				INFOPLIST_KEY_UISupportedInterfaceOrientations_iPhone = "UIInterfaceOrientationPortrait UIInterfaceOrientationLandscapeLeft UIInterfaceOrientationLandscapeRight";
				LD_RUNPATH_SEARCH_PATHS = (
					"$(inherited)",
					"@executable_path/Frameworks",
				);
				MARKETING_VERSION = 1.0;
				PRODUCT_BUNDLE_IDENTIFIER = com.minjoon.InstaSearch;
				PRODUCT_NAME = "$(TARGET_NAME)";
				SWIFT_EMIT_LOC_STRINGS = YES;
				SWIFT_VERSION = 5.0;
				TARGETED_DEVICE_FAMILY = "1,2";
			};
			name = Release;
		};
		8BEA97522C8F593B00B413D8 /* Debug */ = {
			isa = XCBuildConfiguration;
			buildSettings = {
				ALWAYS_EMBED_SWIFT_STANDARD_LIBRARIES = YES;
				BUNDLE_LOADER = "$(TEST_HOST)";
				CODE_SIGN_STYLE = Automatic;
				CURRENT_PROJECT_VERSION = 1;
				DEVELOPMENT_TEAM = 469334F7KQ;
				GENERATE_INFOPLIST_FILE = YES;
				IPHONEOS_DEPLOYMENT_TARGET = 17.5;
				MARKETING_VERSION = 1.0;
				PRODUCT_BUNDLE_IDENTIFIER = com.minjoon.InstaSearchTests;
				PRODUCT_NAME = "$(TARGET_NAME)";
				SWIFT_EMIT_LOC_STRINGS = NO;
				SWIFT_VERSION = 5.0;
				TARGETED_DEVICE_FAMILY = "1,2";
				TEST_HOST = "$(BUILT_PRODUCTS_DIR)/InstaSearch.app/$(BUNDLE_EXECUTABLE_FOLDER_PATH)/InstaSearch";
			};
			name = Debug;
		};
		8BEA97532C8F593B00B413D8 /* Release */ = {
			isa = XCBuildConfiguration;
			buildSettings = {
				ALWAYS_EMBED_SWIFT_STANDARD_LIBRARIES = YES;
				BUNDLE_LOADER = "$(TEST_HOST)";
				CODE_SIGN_STYLE = Automatic;
				CURRENT_PROJECT_VERSION = 1;
				DEVELOPMENT_TEAM = 469334F7KQ;
				GENERATE_INFOPLIST_FILE = YES;
				IPHONEOS_DEPLOYMENT_TARGET = 17.5;
				MARKETING_VERSION = 1.0;
				PRODUCT_BUNDLE_IDENTIFIER = com.minjoon.InstaSearchTests;
				PRODUCT_NAME = "$(TARGET_NAME)";
				SWIFT_EMIT_LOC_STRINGS = NO;
				SWIFT_VERSION = 5.0;
				TARGETED_DEVICE_FAMILY = "1,2";
				TEST_HOST = "$(BUILT_PRODUCTS_DIR)/InstaSearch.app/$(BUNDLE_EXECUTABLE_FOLDER_PATH)/InstaSearch";
			};
			name = Release;
		};
		8BEA97552C8F593B00B413D8 /* Debug */ = {
			isa = XCBuildConfiguration;
			buildSettings = {
				ALWAYS_EMBED_SWIFT_STANDARD_LIBRARIES = YES;
				CODE_SIGN_STYLE = Automatic;
				CURRENT_PROJECT_VERSION = 1;
				DEVELOPMENT_TEAM = 469334F7KQ;
				GENERATE_INFOPLIST_FILE = YES;
				MARKETING_VERSION = 1.0;
				PRODUCT_BUNDLE_IDENTIFIER = com.minjoon.InstaSearchUITests;
				PRODUCT_NAME = "$(TARGET_NAME)";
				SWIFT_EMIT_LOC_STRINGS = NO;
				SWIFT_VERSION = 5.0;
				TARGETED_DEVICE_FAMILY = "1,2";
				TEST_TARGET_NAME = InstaSearch;
			};
			name = Debug;
		};
		8BEA97562C8F593B00B413D8 /* Release */ = {
			isa = XCBuildConfiguration;
			buildSettings = {
				ALWAYS_EMBED_SWIFT_STANDARD_LIBRARIES = YES;
				CODE_SIGN_STYLE = Automatic;
				CURRENT_PROJECT_VERSION = 1;
				DEVELOPMENT_TEAM = 469334F7KQ;
				GENERATE_INFOPLIST_FILE = YES;
				MARKETING_VERSION = 1.0;
				PRODUCT_BUNDLE_IDENTIFIER = com.minjoon.InstaSearchUITests;
				PRODUCT_NAME = "$(TARGET_NAME)";
				SWIFT_EMIT_LOC_STRINGS = NO;
				SWIFT_VERSION = 5.0;
				TARGETED_DEVICE_FAMILY = "1,2";
				TEST_TARGET_NAME = InstaSearch;
			};
			name = Release;
		};
/* End XCBuildConfiguration section */

/* Begin XCConfigurationList section */
		8BEA971F2C8F593A00B413D8 /* Build configuration list for PBXProject "InstaSearch" */ = {
			isa = XCConfigurationList;
			buildConfigurations = (
				8BEA974C2C8F593B00B413D8 /* Debug */,
				8BEA974D2C8F593B00B413D8 /* Release */,
			);
			defaultConfigurationIsVisible = 0;
			defaultConfigurationName = Release;
		};
		8BEA974E2C8F593B00B413D8 /* Build configuration list for PBXNativeTarget "InstaSearch" */ = {
			isa = XCConfigurationList;
			buildConfigurations = (
				8BEA974F2C8F593B00B413D8 /* Debug */,
				8BEA97502C8F593B00B413D8 /* Release */,
			);
			defaultConfigurationIsVisible = 0;
			defaultConfigurationName = Release;
		};
		8BEA97512C8F593B00B413D8 /* Build configuration list for PBXNativeTarget "InstaSearchTests" */ = {
			isa = XCConfigurationList;
			buildConfigurations = (
				8BEA97522C8F593B00B413D8 /* Debug */,
				8BEA97532C8F593B00B413D8 /* Release */,
			);
			defaultConfigurationIsVisible = 0;
			defaultConfigurationName = Release;
		};
		8BEA97542C8F593B00B413D8 /* Build configuration list for PBXNativeTarget "InstaSearchUITests" */ = {
			isa = XCConfigurationList;
			buildConfigurations = (
				8BEA97552C8F593B00B413D8 /* Debug */,
				8BEA97562C8F593B00B413D8 /* Release */,
			);
			defaultConfigurationIsVisible = 0;
			defaultConfigurationName = Release;
		};
/* End XCConfigurationList section */
	};
	rootObject = 8BEA971C2C8F593A00B413D8 /* Project object */;
}
